
Microsoft Visual Studio Solution File, Format Version 12.00
# Visual Studio 14
VisualStudioVersion = 14.0.25420.1
MinimumVisualStudioVersion = 10.0.40219.1
Project("{FAE04EC0-301F-11D3-BF4B-00C04F79EFBC}") = "Gpg.NET", "Gpg.NET\Gpg.NET.csproj", "{7C6D8ABD-45B8-496B-923B-79D2D0D92458}"
EndProject
Project("{FAE04EC0-301F-11D3-BF4B-00C04F79EFBC}") = "GpgApp", "GpgApp\GpgApp.csproj", "{AB509766-7B19-43C7-8621-1D7F8E25627C}"
EndProject
Global
	GlobalSection(SolutionConfigurationPlatforms) = preSolution
		Debug|Any CPU = Debug|Any CPU
		Release|Any CPU = Release|Any CPU
	EndGlobalSection
	GlobalSection(ProjectConfigurationPlatforms) = postSolution
		{7C6D8ABD-45B8-496B-923B-79D2D0D92458}.Debug|Any CPU.ActiveCfg = Debug|Any CPU
		{7C6D8ABD-45B8-496B-923B-79D2D0D92458}.Debug|Any CPU.Build.0 = Debug|Any CPU
		{7C6D8ABD-45B8-496B-923B-79D2D0D92458}.Release|Any CPU.ActiveCfg = Release|Any CPU
		{7C6D8ABD-45B8-496B-923B-79D2D0D92458}.Release|Any CPU.Build.0 = Release|Any CPU
		{AB509766-7B19-43C7-8621-1D7F8E25627C}.Debug|Any CPU.ActiveCfg = Debug|Any CPU
		{AB509766-7B19-43C7-8621-1D7F8E25627C}.Debug|Any CPU.Build.0 = Debug|Any CPU
		{AB509766-7B19-43C7-8621-1D7F8E25627C}.Release|Any CPU.ActiveCfg = Release|Any CPU
		{AB509766-7B19-43C7-8621-1D7F8E25627C}.Release|Any CPU.Build.0 = Release|Any CPU
	EndGlobalSection
	GlobalSection(SolutionProperties) = preSolution
		HideSolutionNode = FALSE
	EndGlobalSection
EndGlobal
